PODS:
  - Google-Mobile-Ads-SDK (7.37.0)

DEPENDENCIES:
  - Google-Mobile-Ads-SDK (~> 7.0)

SPEC REPOS:
  https://github.com/cocoapods/specs.git:
    - Google-Mobile-Ads-SDK

SPEC CHECKSUMS:
  Google-Mobile-Ads-SDK: d028682d7450749a1955679da050eaf70d997b3e

PODFILE CHECKSUM: a289e22ee1e18eda7b88bfd96deb38b44275582d

COCOAPODS: 1.5.3
